
Microsoft Visual Studio Solution File, Format Version 12.00
# Visual Studio Version 17
VisualStudioVersion = 17.8.34525.116
MinimumVisualStudioVersion = 10.0.40219.1
Project("{9A19103F-16F7-4668-BE54-9A1E7A4F7556}") = "MovieProject", "MovieProject\MovieProject.csproj", "{4E9E64B4-74CE-4590-82F2-AF339124A3F2}"
EndProject
Global
	GlobalSection(SolutionConfigurationPlatforms) = preSolution
		Debug|Any CPU = Debug|Any CPU
		Release|Any CPU = Release|Any CPU
	EndGlobalSection
	GlobalSection(ProjectConfigurationPlatforms) = postSolution
		{4E9E64B4-74CE-4590-82F2-AF339124A3F2}.Debug|Any CPU.ActiveCfg = Debug|Any CPU
		{4E9E64B4-74CE-4590-82F2-AF339124A3F2}.Debug|Any CPU.Build.0 = Debug|Any CPU
		{4E9E64B4-74CE-4590-82F2-AF339124A3F2}.Release|Any CPU.ActiveCfg = Release|Any CPU
		{4E9E64B4-74CE-4590-82F2-AF339124A3F2}.Release|Any CPU.Build.0 = Release|Any CPU
	EndGlobalSection
	GlobalSection(SolutionProperties) = preSolution
		HideSolutionNode = FALSE
	EndGlobalSection
	GlobalSection(ExtensibilityGlobals) = postSolution
		SolutionGuid = {D134E606-998F-4D37-9C6C-1202285B4300}
	EndGlobalSection
EndGlobal
